
Microsoft Visual Studio Solution File, Format Version 12.00
# Visual Studio Version 16
VisualStudioVersion = 16.0.31112.23
MinimumVisualStudioVersion = 10.0.40219.1
Project("{FAE04EC0-301F-11D3-BF4B-00C04F79EFBC}") = "MLNet", "MLNet\MLNet.csproj", "{044DBC24-8E5D-4570-B15A-9EA479867DC4}"
EndProject
Global
	GlobalSection(SolutionConfigurationPlatforms) = preSolution
		Debug|Any CPU = Debug|Any CPU
		Release|Any CPU = Release|Any CPU
	EndGlobalSection
	GlobalSection(ProjectConfigurationPlatforms) = postSolution
		{044DBC24-8E5D-4570-B15A-9EA479867DC4}.Debug|Any CPU.ActiveCfg = Debug|Any CPU
		{044DBC24-8E5D-4570-B15A-9EA479867DC4}.Debug|Any CPU.Build.0 = Debug|Any CPU
		{044DBC24-8E5D-4570-B15A-9EA479867DC4}.Release|Any CPU.ActiveCfg = Release|Any CPU
		{044DBC24-8E5D-4570-B15A-9EA479867DC4}.Release|Any CPU.Build.0 = Release|Any CPU
	EndGlobalSection
	GlobalSection(SolutionProperties) = preSolution
		HideSolutionNode = FALSE
	EndGlobalSection
	GlobalSection(ExtensibilityGlobals) = postSolution
		SolutionGuid = {F30F7621-8000-42E5-87CB-3770E5A81EBF}
	EndGlobalSection
EndGlobal
